
Microsoft Visual Studio Solution File, Format Version 12.00
# Visual Studio 2013
VisualStudioVersion = 12.0.31101.0
MinimumVisualStudioVersion = 10.0.40219.1
Project("{8BC9CEB8-8B4A-11D0-8D11-00A0C91BC942}") = "Emulator", "Emulator\Emulator.vcxproj", "{225AE45F-5B19-4CEA-A023-B3077911996E}"
EndProject
Project("{8BC9CEB8-8B4A-11D0-8D11-00A0C91BC942}") = "ARMAssembly", "..\..\ARMAssembly\ARMAssembly\ARMAssembly\ARMAssembly.vcxproj", "{7E36AADD-0948-4938-8D43-5EE7D2CF9AD5}"
EndProject
Global
	GlobalSection(SolutionConfigurationPlatforms) = preSolution
		Debug|Win32 = Debug|Win32
		Release|Win32 = Release|Win32
	EndGlobalSection
	GlobalSection(ProjectConfigurationPlatforms) = postSolution
		{225AE45F-5B19-4CEA-A023-B3077911996E}.Debug|Win32.ActiveCfg = Debug|Win32
		{225AE45F-5B19-4CEA-A023-B3077911996E}.Debug|Win32.Build.0 = Debug|Win32
		{225AE45F-5B19-4CEA-A023-B3077911996E}.Release|Win32.ActiveCfg = Release|Win32
		{225AE45F-5B19-4CEA-A023-B3077911996E}.Release|Win32.Build.0 = Release|Win32
		{7E36AADD-0948-4938-8D43-5EE7D2CF9AD5}.Debug|Win32.ActiveCfg = Debug|Win32
		{7E36AADD-0948-4938-8D43-5EE7D2CF9AD5}.Debug|Win32.Build.0 = Debug|Win32
		{7E36AADD-0948-4938-8D43-5EE7D2CF9AD5}.Release|Win32.ActiveCfg = Release|Win32
		{7E36AADD-0948-4938-8D43-5EE7D2CF9AD5}.Release|Win32.Build.0 = Release|Win32
	EndGlobalSection
	GlobalSection(SolutionProperties) = preSolution
		HideSolutionNode = FALSE
	EndGlobalSection
EndGlobal
